// !$*UTF8*$!
{
	archiveVersion = 1;
	classes = {
	};
	objectVersion = 46;
	objects = {

/* Begin PBXBuildFile section */
		051C6FCE1BA5453C00F0AFD1 /* AppDelegate.swift in Sources */ = {isa = PBXBuildFile; fileRef = 051C6FCD1BA5453C00F0AFD1 /* AppDelegate.swift */; };
		051C6FD01BA5453C00F0AFD1 /* ViewController.swift in Sources */ = {isa = PBXBuildFile; fileRef = 051C6FCF1BA5453C00F0AFD1 /* ViewController.swift */; };
		051C6FD31BA5453C00F0AFD1 /* Main.storyboard in Resources */ = {isa = PBXBuildFile; fileRef = 051C6FD11BA5453C00F0AFD1 /* Main.storyboard */; };
		051C6FD51BA5453C00F0AFD1 /* Images.xcassets in Resources */ = {isa = PBXBuildFile; fileRef = 051C6FD41BA5453C00F0AFD1 /* Images.xcassets */; };
		051C6FD81BA5453C00F0AFD1 /* LaunchScreen.xib in Resources */ = {isa = PBXBuildFile; fileRef = 051C6FD61BA5453C00F0AFD1 /* LaunchScreen.xib */; };
		051C6FE41BA5453C00F0AFD1 /* TipCalculatorTests.swift in Sources */ = {isa = PBXBuildFile; fileRef = 051C6FE31BA5453C00F0AFD1 /* TipCalculatorTests.swift */; };
/* End PBXBuildFile section */

/* Begin PBXContainerItemProxy section */
		051C6FDE1BA5453C00F0AFD1 /* PBXContainerItemProxy */ = {
			isa = PBXContainerItemProxy;
			containerPortal = 051C6FC01BA5453B00F0AFD1 /* Project object */;
			proxyType = 1;
			remoteGlobalIDString = 051C6FC71BA5453C00F0AFD1;
			remoteInfo = TipCalculator;
		};
/* End PBXContainerItemProxy section */

/* Begin PBXFileReference section */
		051C6FC81BA5453C00F0AFD1 /* TipCalculator.app */ = {isa = PBXFileReference; explicitFileType = wrapper.application; includeInIndex = 0; path = TipCalculator.app; sourceTree = BUILT_PRODUCTS_DIR; };
		051C6FCC1BA5453C00F0AFD1 /* Info.plist */ = {isa = PBXFileReference; lastKnownFileType = text.plist.xml; path = Info.plist; sourceTree = "<group>"; };
		051C6FCD1BA5453C00F0AFD1 /* AppDelegate.swift */ = {isa = PBXFileReference; lastKnownFileType = sourcecode.swift; path = AppDelegate.swift; sourceTree = "<group>"; };
		051C6FCF1BA5453C00F0AFD1 /* ViewController.swift */ = {isa = PBXFileReference; lastKnownFileType = sourcecode.swift; path = ViewController.swift; sourceTree = "<group>"; };
		051C6FD21BA5453C00F0AFD1 /* Base */ = {isa = PBXFileReference; lastKnownFileType = file.storyboard; name = Base; path = Base.lproj/Main.storyboard; sourceTree = "<group>"; };
		051C6FD41BA5453C00F0AFD1 /* Images.xcassets */ = {isa = PBXFileReference; lastKnownFileType = folder.assetcatalog; path = Images.xcassets; sourceTree = "<group>"; };
		051C6FD71BA5453C00F0AFD1 /* Base */ = {isa = PBXFileReference; lastKnownFileType = file.xib; name = Base; path = Base.lproj/LaunchScreen.xib; sourceTree = "<group>"; };
		051C6FDD1BA5453C00F0AFD1 /* TipCalculatorTests.xctest */ = {isa = PBXFileReference; explicitFileType = wrapper.cfbundle; includeInIndex = 0; path = TipCalculatorTests.xctest; sourceTree = BUILT_PRODUCTS_DIR; };
		051C6FE21BA5453C00F0AFD1 /* Info.plist */ = {isa = PBXFileReference; lastKnownFileType = text.plist.xml; path = Info.plist; sourceTree = "<group>"; };
		051C6FE31BA5453C00F0AFD1 /* TipCalculatorTests.swift */ = {isa = PBXFileReference; lastKnownFileType = sourcecode.swift; path = TipCalculatorTests.swift; sourceTree = "<group>"; };
/* End PBXFileReference section */

/* Begin PBXFrameworksBuildPhase section */
		051C6FC51BA5453C00F0AFD1 /* Frameworks */ = {
			isa = PBXFrameworksBuildPhase;
			buildActionMask = 2147483647;
			files = (
			);
			runOnlyForDeploymentPostprocessing = 0;
		};
		051C6FDA1BA5453C00F0AFD1 /* Frameworks */ = {
			isa = PBXFrameworksBuildPhase;
			buildActionMask = 2147483647;
			files = (
			);
			runOnlyForDeploymentPostprocessing = 0;
		};
/* End PBXFrameworksBuildPhase section */

/* Begin PBXGroup section */
		051C6FBF1BA5453B00F0AFD1 = {
			isa = PBXGroup;
			children = (
				051C6FCA1BA5453C00F0AFD1 /* TipCalculator */,
				051C6FE01BA5453C00F0AFD1 /* TipCalculatorTests */,
				051C6FC91BA5453C00F0AFD1 /* Products */,
			);
			sourceTree = "<group>";
		};
		051C6FC91BA5453C00F0AFD1 /* Products */ = {
			isa = PBXGroup;
			children = (
				051C6FC81BA5453C00F0AFD1 /* TipCalculator.app */,
				051C6FDD1BA5453C00F0AFD1 /* TipCalculatorTests.xctest */,
			);
			name = Products;
			sourceTree = "<group>";
		};
		051C6FCA1BA5453C00F0AFD1 /* TipCalculator */ = {
			isa = PBXGroup;
			children = (
				051C6FCD1BA5453C00F0AFD1 /* AppDelegate.swift */,
				051C6FCF1BA5453C00F0AFD1 /* ViewController.swift */,
				051C6FD11BA5453C00F0AFD1 /* Main.storyboard */,
				051C6FD41BA5453C00F0AFD1 /* Images.xcassets */,
				051C6FD61BA5453C00F0AFD1 /* LaunchScreen.xib */,
				051C6FCB1BA5453C00F0AFD1 /* Supporting Files */,
			);
			path = TipCalculator;
			sourceTree = "<group>";
		};
		051C6FCB1BA5453C00F0AFD1 /* Supporting Files */ = {
			isa = PBXGroup;
			children = (
				051C6FCC1BA5453C00F0AFD1 /* Info.plist */,
			);
			name = "Supporting Files";
			sourceTree = "<group>";
		};
		051C6FE01BA5453C00F0AFD1 /* TipCalculatorTests */ = {
			isa = PBXGroup;
			children = (
				051C6FE31BA5453C00F0AFD1 /* TipCalculatorTests.swift */,
				051C6FE11BA5453C00F0AFD1 /* Supporting Files */,
			);
			path = TipCalculatorTests;
			sourceTree = "<group>";
		};
		051C6FE11BA5453C00F0AFD1 /* Supporting Files */ = {
			isa = PBXGroup;
			children = (
				051C6FE21BA5453C00F0AFD1 /* Info.plist */,
			);
			name = "Supporting Files";
			sourceTree = "<group>";
		};
/* End PBXGroup section */

/* Begin PBXNativeTarget section */
		051C6FC71BA5453C00F0AFD1 /* TipCalculator */ = {
			isa = PBXNativeTarget;
			buildConfigurationList = 051C6FE71BA5453C00F0AFD1 /* Build configuration list for PBXNativeTarget "TipCalculator" */;
			buildPhases = (
				051C6FC41BA5453C00F0AFD1 /* Sources */,
				051C6FC51BA5453C00F0AFD1 /* Frameworks */,
				051C6FC61BA5453C00F0AFD1 /* Resources */,
			);
			buildRules = (
			);
			dependencies = (
			);
			name = TipCalculator;
			productName = TipCalculator;
			productReference = 051C6FC81BA5453C00F0AFD1 /* TipCalculator.app */;
			productType = "com.apple.product-type.application";
		};
		051C6FDC1BA5453C00F0AFD1 /* TipCalculatorTests */ = {
			isa = PBXNativeTarget;
			buildConfigurationList = 051C6FEA1BA5453C00F0AFD1 /* Build configuration list for PBXNativeTarget "TipCalculatorTests" */;
			buildPhases = (
				051C6FD91BA5453C00F0AFD1 /* Sources */,
				051C6FDA1BA5453C00F0AFD1 /* Frameworks */,
				051C6FDB1BA5453C00F0AFD1 /* Resources */,
			);
			buildRules = (
			);
			dependencies = (
				051C6FDF1BA5453C00F0AFD1 /* PBXTargetDependency */,
			);
			name = TipCalculatorTests;
			productName = TipCalculatorTests;
			productReference = 051C6FDD1BA5453C00F0AFD1 /* TipCalculatorTests.xctest */;
			productType = "com.apple.product-type.bundle.unit-test";
		};
/* End PBXNativeTarget section */

/* Begin PBXProject section */
		051C6FC01BA5453B00F0AFD1 /* Project object */ = {
			isa = PBXProject;
			attributes = {
				LastUpgradeCheck = 0640;
				ORGANIZATIONNAME = minhtrangvy;
				TargetAttributes = {
					051C6FC71BA5453C00F0AFD1 = {
						CreatedOnToolsVersion = 6.4;
					};
					051C6FDC1BA5453C00F0AFD1 = {
						CreatedOnToolsVersion = 6.4;
						TestTargetID = 051C6FC71BA5453C00F0AFD1;
					};
				};
			};
			buildConfigurationList = 051C6FC31BA5453B00F0AFD1 /* Build configuration list for PBXProject "TipCalculator" */;
			compatibilityVersion = "Xcode 3.2";
			developmentRegion = English;
			hasScannedForEncodings = 0;
			knownRegions = (
				en,
				Base,
			);
			mainGroup = 051C6FBF1BA5453B00F0AFD1;
			productRefGroup = 051C6FC91BA5453C00F0AFD1 /* Products */;
			projectDirPath = "";
			projectRoot = "";
			targets = (
				051C6FC71BA5453C00F0AFD1 /* TipCalculator */,
				051C6FDC1BA5453C00F0AFD1 /* TipCalculatorTests */,
			);
		};
/* End PBXProject section */

/* Begin PBXResourcesBuildPhase section */
		051C6FC61BA5453C00F0AFD1 /* Resources */ = {
			isa = PBXResourcesBuildPhase;
			buildActionMask = 2147483647;
			files = (
				051C6FD31BA5453C00F0AFD1 /* Main.storyboard in Resources */,
				051C6FD81BA5453C00F0AFD1 /* LaunchScreen.xib in Resources */,
				051C6FD51BA5453C00F0AFD1 /* Images.xcassets in Resources */,
			);
			runOnlyForDeploymentPostprocessing = 0;
		};
		051C6FDB1BA5453C00F0AFD1 /* Resources */ = {
			isa = PBXResourcesBuildPhase;
			buildActionMask = 2147483647;
			files = (
			);
			runOnlyForDeploymentPostprocessing = 0;
		};
/* End PBXResourcesBuildPhase section */

/* Begin PBXSourcesBuildPhase section */
		051C6FC41BA5453C00F0AFD1 /* Sources */ = {
			isa = PBXSourcesBuildPhase;
			buildActionMask = 2147483647;
			files = (
				051C6FD01BA5453C00F0AFD1 /* ViewController.swift in Sources */,
				051C6FCE1BA5453C00F0AFD1 /* AppDelegate.swift in Sources */,
			);
			runOnlyForDeploymentPostprocessing = 0;
		};
		051C6FD91BA5453C00F0AFD1 /* Sources */ = {
			isa = PBXSourcesBuildPhase;
			buildActionMask = 2147483647;
			files = (
				051C6FE41BA5453C00F0AFD1 /* TipCalculatorTests.swift in Sources */,
			);
			runOnlyForDeploymentPostprocessing = 0;
		};
/* End PBXSourcesBuildPhase section */

/* Begin PBXTargetDependency section */
		051C6FDF1BA5453C00F0AFD1 /* PBXTargetDependency */ = {
			isa = PBXTargetDependency;
			target = 051C6FC71BA5453C00F0AFD1 /* TipCalculator */;
			targetProxy = 051C6FDE1BA5453C00F0AFD1 /* PBXContainerItemProxy */;
		};
/* End PBXTargetDependency section */

/* Begin PBXVariantGroup section */
		051C6FD11BA5453C00F0AFD1 /* Main.storyboard */ = {
			isa = PBXVariantGroup;
			children = (
				051C6FD21BA5453C00F0AFD1 /* Base */,
			);
			name = Main.storyboard;
			sourceTree = "<group>";
		};
		051C6FD61BA5453C00F0AFD1 /* LaunchScreen.xib */ = {
			isa = PBXVariantGroup;
			children = (
				051C6FD71BA5453C00F0AFD1 /* Base */,
			);
			name = LaunchScreen.xib;
			sourceTree = "<group>";
		};
/* End PBXVariantGroup section */

/* Begin XCBuildConfiguration section */
		051C6FE51BA5453C00F0AFD1 /* Debug */ = {
			isa = XCBuildConfiguration;
			buildSettings = {
				ALWAYS_SEARCH_USER_PATHS = NO;
				CLANG_CXX_LANGUAGE_STANDARD = "gnu++0x";
				CLANG_CXX_LIBRARY = "libc++";
				CLANG_ENABLE_MODULES = YES;
				CLANG_ENABLE_OBJC_ARC = YES;
				CLANG_WARN_BOOL_CONVERSION = YES;
				CLANG_WARN_CONSTANT_CONVERSION = YES;
				CLANG_WARN_DIRECT_OBJC_ISA_USAGE = YES_ERROR;
				CLANG_WARN_EMPTY_BODY = YES;
				CLANG_WARN_ENUM_CONVERSION = YES;
				CLANG_WARN_INT_CONVERSION = YES;
				CLANG_WARN_OBJC_ROOT_CLASS = YES_ERROR;
				CLANG_WARN_UNREACHABLE_CODE = YES;
				CLANG_WARN__DUPLICATE_METHOD_MATCH = YES;
				"CODE_SIGN_IDENTITY[sdk=iphoneos*]" = "iPhone Developer";
				COPY_PHASE_STRIP = NO;
				DEBUG_INFORMATION_FORMAT = "dwarf-with-dsym";
				ENABLE_STRICT_OBJC_MSGSEND = YES;
				GCC_C_LANGUAGE_STANDARD = gnu99;
				GCC_DYNAMIC_NO_PIC = NO;
				GCC_NO_COMMON_BLOCKS = YES;
				GCC_OPTIMIZATION_LEVEL = 0;
				GCC_PREPROCESSOR_DEFINITIONS = (
					"DEBUG=1",
					"$(inherited)",
				);
				GCC_SYMBOLS_PRIVATE_EXTERN = NO;
				GCC_WARN_64_TO_32_BIT_CONVERSION = YES;
				GCC_WARN_ABOUT_RETURN_TYPE = YES_ERROR;
				GCC_WARN_UNDECLARED_SELECTOR = YES;
				GCC_WARN_UNINITIALIZED_AUTOS = YES_AGGRESSIVE;
				GCC_WARN_UNUSED_FUNCTION = YES;
				GCC_WARN_UNUSED_VARIABLE = YES;
				IPHONEOS_DEPLOYMENT_TARGET = 8.4;
				MTL_ENABLE_DEBUG_INFO = YES;
				ONLY_ACTIVE_ARCH = YES;
				SDKROOT = iphoneos;
				SWIFT_OPTIMIZATION_LEVEL = "-Onone";
			};
			name = Debug;
		};
		051C6FE61BA5453C00F0AFD1 /* Release */ = {
			isa = XCBuildConfiguration;
			buildSettings = {
				ALWAYS_SEARCH_USER_PATHS = NO;
				CLANG_CXX_LANGUAGE_STANDARD = "gnu++0x";
				CLANG_CXX_LIBRARY = "libc++";
				CLANG_ENABLE_MODULES = YES;
				CLANG_ENABLE_OBJC_ARC = YES;
				CLANG_WARN_BOOL_CONVERSION = YES;
				CLANG_WARN_CONSTANT_CONVERSION = YES;
				CLANG_WARN_DIRECT_OBJC_ISA_USAGE = YES_ERROR;
				CLANG_WARN_EMPTY_BODY = YES;
				CLANG_WARN_ENUM_CONVERSION = YES;
				CLANG_WARN_INT_CONVERSION = YES;
				CLANG_WARN_OBJC_ROOT_CLASS = YES_ERROR;
				CLANG_WARN_UNREACHABLE_CODE = YES;
				CLANG_WARN__DUPLICATE_METHOD_MATCH = YES;
				"CODE_SIGN_IDENTITY[sdk=iphoneos*]" = "iPhone Developer";
				COPY_PHASE_STRIP = NO;
				DEBUG_INFORMATION_FORMAT = "dwarf-with-dsym";
				ENABLE_NS_ASSERTIONS = NO;
				ENABLE_STRICT_OBJC_MSGSEND = YES;
				GCC_C_LANGUAGE_STANDARD = gnu99;
				GCC_NO_COMMON_BLOCKS = YES;
				GCC_WARN_64_TO_32_BIT_CONVERSION = YES;
				GCC_WARN_ABOUT_RETURN_TYPE = YES_ERROR;
				GCC_WARN_UNDECLARED_SELECTOR = YES;
				GCC_WARN_UNINITIALIZED_AUTOS = YES_AGGRESSIVE;
				GCC_WARN_UNUSED_FUNCTION = YES;
				GCC_WARN_UNUSED_VARIABLE = YES;
				IPHONEOS_DEPLOYMENT_TARGET = 8.4;
				MTL_ENABLE_DEBUG_INFO = NO;
				SDKROOT = iphoneos;
				VALIDATE_PRODUCT = YES;
			};
			name = Release;
		};
		051C6FE81BA5453C00F0AFD1 /* Debug */ = {
			isa = XCBuildConfiguration;
			buildSettings = {
				ASSETCATALOG_COMPILER_APPICON_NAME = AppIcon;
				INFOPLIST_FILE = TipCalculator/Info.plist;
				LD_RUNPATH_SEARCH_PATHS = "$(inherited) @executable_path/Frameworks";
				PRODUCT_NAME = "$(TARGET_NAME)";
			};
			name = Debug;
		};
		051C6FE91BA5453C00F0AFD1 /* Release */ = {
			isa = XCBuildConfiguration;
			buildSettings = {
				ASSETCATALOG_COMPILER_APPICON_NAME = AppIcon;
				INFOPLIST_FILE = TipCalculator/Info.plist;
				LD_RUNPATH_SEARCH_PATHS = "$(inherited) @executable_path/Frameworks";
				PRODUCT_NAME = "$(TARGET_NAME)";
			};
			name = Release;
		};
		051C6FEB1BA5453C00F0AFD1 /* Debug */ = {
			isa = XCBuildConfiguration;
			buildSettings = {
				BUNDLE_LOADER = "$(TEST_HOST)";
				FRAMEWORK_SEARCH_PATHS = (
					"$(SDKROOT)/Developer/Library/Frameworks",
					"$(inherited)",
				);
				GCC_PREPROCESSOR_DEFINITIONS = (
					"DEBUG=1",
					"$(inherited)",
				);
				INFOPLIST_FILE = TipCalculatorTests/Info.plist;
				LD_RUNPATH_SEARCH_PATHS = "$(inherited) @executable_path/Frameworks @loader_path/Frameworks";
				PRODUCT_NAME = "$(TARGET_NAME)";
				TEST_HOST = "$(BUILT_PRODUCTS_DIR)/TipCalculator.app/TipCalculator";
			};
			name = Debug;
		};
		051C6FEC1BA5453C00F0AFD1 /* Release */ = {
			isa = XCBuildConfiguration;
			buildSettings = {
				BUNDLE_LOADER = "$(TEST_HOST)";
				FRAMEWORK_SEARCH_PATHS = (
					"$(SDKROOT)/Developer/Library/Frameworks",
					"$(inherited)",
				);
				INFOPLIST_FILE = TipCalculatorTests/Info.plist;
				LD_RUNPATH_SEARCH_PATHS = "$(inherited) @executable_path/Frameworks @loader_path/Frameworks";
				PRODUCT_NAME = "$(TARGET_NAME)";
				TEST_HOST = "$(BUILT_PRODUCTS_DIR)/TipCalculator.app/TipCalculator";
			};
			name = Release;
		};
/* End XCBuildConfiguration section */

/* Begin XCConfigurationList section */
		051C6FC31BA5453B00F0AFD1 /* Build configuration list for PBXProject "TipCalculator" */ = {
			isa = XCConfigurationList;
			buildConfigurations = (
				051C6FE51BA5453C00F0AFD1 /* Debug */,
				051C6FE61BA5453C00F0AFD1 /* Release */,
			);
			defaultConfigurationIsVisible = 0;
			defaultConfigurationName = Release;
		};
		051C6FE71BA5453C00F0AFD1 /* Build configuration list for PBXNativeTarget "TipCalculator" */ = {
			isa = XCConfigurationList;
			buildConfigurations = (
				051C6FE81BA5453C00F0AFD1 /* Debug */,
				051C6FE91BA5453C00F0AFD1 /* Release */,
			);
			defaultConfigurationIsVisible = 0;
		};
		051C6FEA1BA5453C00F0AFD1 /* Build configuration list for PBXNativeTarget "TipCalculatorTests" */ = {
			isa = XCConfigurationList;
			buildConfigurations = (
				051C6FEB1BA5453C00F0AFD1 /* Debug */,
				051C6FEC1BA5453C00F0AFD1 /* Release */,
			);
			defaultConfigurationIsVisible = 0;
		};
/* End XCConfigurationList section */
	};
	rootObject = 051C6FC01BA5453B00F0AFD1 /* Project object */;
}
